// !$*UTF8*$!
{
	archiveVersion = 1;
	classes = {
	};
	objectVersion = 63;
	objects = {

/* Begin PBXBuildFile section */
		479AE0632CF0ADFF00C4C9E0 /* AppDelegate.swift in Sources */ = {isa = PBXBuildFile; fileRef = 479ADFE22CF0ADFF00C4C9E0 /* AppDelegate.swift */; };
		479AE0642CF0ADFF00C4C9E0 /* RootViewController.swift in Sources */ = {isa = PBXBuildFile; fileRef = 479ADFE32CF0ADFF00C4C9E0 /* RootViewController.swift */; };
		479AE0652CF0ADFF00C4C9E0 /* SceneDelegate.swift in Sources */ = {isa = PBXBuildFile; fileRef = 479ADFE42CF0ADFF00C4C9E0 /* SceneDelegate.swift */; };
		479AE0662CF0ADFF00C4C9E0 /* Date+Additions.swift in Sources */ = {isa = PBXBuildFile; fileRef = 479ADFE62CF0ADFF00C4C9E0 /* Date+Additions.swift */; };
		479AE0672CF0ADFF00C4C9E0 /* Double+Additions.swift in Sources */ = {isa = PBXBuildFile; fileRef = 479ADFE72CF0ADFF00C4C9E0 /* Double+Additions.swift */; };
		479AE0682CF0ADFF00C4C9E0 /* String+Additions.swift in Sources */ = {isa = PBXBuildFile; fileRef = 479ADFE82CF0ADFF00C4C9E0 /* String+Additions.swift */; };
		479AE0692CF0ADFF00C4C9E0 /* UINavigationController+Additions.swift in Sources */ = {isa = PBXBuildFile; fileRef = 479ADFE92CF0ADFF00C4C9E0 /* UINavigationController+Additions.swift */; };
		479AE06A2CF0ADFF00C4C9E0 /* View+Additions.swift in Sources */ = {isa = PBXBuildFile; fileRef = 479ADFEA2CF0ADFF00C4C9E0 /* View+Additions.swift */; };
		479AE06B2CF0ADFF00C4C9E0 /* ImagePicker.swift in Sources */ = {isa = PBXBuildFile; fileRef = 479ADFEC2CF0ADFF00C4C9E0 /* ImagePicker.swift */; };
		479AE06C2CF0ADFF00C4C9E0 /* ShareSheet.swift in Sources */ = {isa = PBXBuildFile; fileRef = 479ADFEE2CF0ADFF00C4C9E0 /* ShareSheet.swift */; };
		479AE06D2CF0ADFF00C4C9E0 /* BackButtonView.swift in Sources */ = {isa = PBXBuildFile; fileRef = 479ADFF02CF0ADFF00C4C9E0 /* BackButtonView.swift */; };
		479AE06E2CF0ADFF00C4C9E0 /* CircularProgressBar.swift in Sources */ = {isa = PBXBuildFile; fileRef = 479ADFF22CF0ADFF00C4C9E0 /* CircularProgressBar.swift */; };
		479AE06F2CF0ADFF00C4C9E0 /* DynamicHeightTextField.swift in Sources */ = {isa = PBXBuildFile; fileRef = 479ADFF42CF0ADFF00C4C9E0 /* DynamicHeightTextField.swift */; };
		479AE0702CF0ADFF00C4C9E0 /* InputField.swift in Sources */ = {isa = PBXBuildFile; fileRef = 479ADFF62CF0ADFF00C4C9E0 /* InputField.swift */; };
		479AE0712CF0ADFF00C4C9E0 /* NextButton.swift in Sources */ = {isa = PBXBuildFile; fileRef = 479ADFF82CF0ADFF00C4C9E0 /* NextButton.swift */; };
		479AE0722CF0ADFF00C4C9E0 /* SwiftUIViewWebView.swift in Sources */ = {isa = PBXBuildFile; fileRef = 479ADFFA2CF0ADFF00C4C9E0 /* SwiftUIViewWebView.swift */; };
		479AE0732CF0ADFF00C4C9E0 /* OfficeModel.swift in Sources */ = {isa = PBXBuildFile; fileRef = 479ADFFE2CF0ADFF00C4C9E0 /* OfficeModel.swift */; };
		479AE0742CF0ADFF00C4C9E0 /* PersoneModel.swift in Sources */ = {isa = PBXBuildFile; fileRef = 479ADFFF2CF0ADFF00C4C9E0 /* PersoneModel.swift */; };
		479AE0752CF0ADFF00C4C9E0 /* Colors.generated.swift in Sources */ = {isa = PBXBuildFile; fileRef = 479AE0022CF0ADFF00C4C9E0 /* Colors.generated.swift */; };
		479AE0762CF0ADFF00C4C9E0 /* Fonts.generated.swift in Sources */ = {isa = PBXBuildFile; fileRef = 479AE0042CF0ADFF00C4C9E0 /* Fonts.generated.swift */; };
		479AE0772CF0ADFF00C4C9E0 /* Images.generated.swift in Sources */ = {isa = PBXBuildFile; fileRef = 479AE0112CF0ADFF00C4C9E0 /* Images.generated.swift */; };
		479AE0782CF0ADFF00C4C9E0 /* DefaultsService.swift in Sources */ = {isa = PBXBuildFile; fileRef = 479AE0142CF0ADFF00C4C9E0 /* DefaultsService.swift */; };
		479AE0792CF0ADFF00C4C9E0 /* FileManagerService.swift in Sources */ = {isa = PBXBuildFile; fileRef = 479AE0162CF0ADFF00C4C9E0 /* FileManagerService.swift */; };
		479AE07A2CF0ADFF00C4C9E0 /* ImageStorageManager.swift in Sources */ = {isa = PBXBuildFile; fileRef = 479AE0182CF0ADFF00C4C9E0 /* ImageStorageManager.swift */; };
		479AE07B2CF0ADFF00C4C9E0 /* NotificationManager.swift in Sources */ = {isa = PBXBuildFile; fileRef = 479AE01A2CF0ADFF00C4C9E0 /* NotificationManager.swift */; };
		479AE07C2CF0ADFF00C4C9E0 /* ChallangeCell.swift in Sources */ = {isa = PBXBuildFile; fileRef = 479AE01D2CF0ADFF00C4C9E0 /* ChallangeCell.swift */; };
		479AE07D2CF0ADFF00C4C9E0 /* ChallengesTabView.swift in Sources */ = {isa = PBXBuildFile; fileRef = 479AE01E2CF0ADFF00C4C9E0 /* ChallengesTabView.swift */; };
		479AE07E2CF0ADFF00C4C9E0 /* ChallengesView.swift in Sources */ = {isa = PBXBuildFile; fileRef = 479AE01F2CF0ADFF00C4C9E0 /* ChallengesView.swift */; };
		479AE07F2CF0ADFF00C4C9E0 /* ChallengesViewModel.swift in Sources */ = {isa = PBXBuildFile; fileRef = 479AE0202CF0ADFF00C4C9E0 /* ChallengesViewModel.swift */; };
		479AE0802CF0ADFF00C4C9E0 /* ChallengesStartView.swift in Sources */ = {isa = PBXBuildFile; fileRef = 479AE0222CF0ADFF00C4C9E0 /* ChallengesStartView.swift */; };
		479AE0812CF0ADFF00C4C9E0 /* ChallengesStartViewModel.swift in Sources */ = {isa = PBXBuildFile; fileRef = 479AE0232CF0ADFF00C4C9E0 /* ChallengesStartViewModel.swift */; };
		479AE0822CF0ADFF00C4C9E0 /* AddOfficeView.swift in Sources */ = {isa = PBXBuildFile; fileRef = 479AE0262CF0ADFF00C4C9E0 /* AddOfficeView.swift */; };
		479AE0832CF0ADFF00C4C9E0 /* AddOfficeViewMode.swift in Sources */ = {isa = PBXBuildFile; fileRef = 479AE0272CF0ADFF00C4C9E0 /* AddOfficeViewMode.swift */; };
		479AE0842CF0ADFF00C4C9E0 /* HomeButton.swift in Sources */ = {isa = PBXBuildFile; fileRef = 479AE0292CF0ADFF00C4C9E0 /* HomeButton.swift */; };
		479AE0852CF0ADFF00C4C9E0 /* OfficeCell.swift in Sources */ = {isa = PBXBuildFile; fileRef = 479AE02A2CF0ADFF00C4C9E0 /* OfficeCell.swift */; };
		479AE0862CF0ADFF00C4C9E0 /* HomeView.swift in Sources */ = {isa = PBXBuildFile; fileRef = 479AE02C2CF0ADFF00C4C9E0 /* HomeView.swift */; };
		479AE0872CF0ADFF00C4C9E0 /* HomeViewModel.swift in Sources */ = {isa = PBXBuildFile; fileRef = 479AE02D2CF0ADFF00C4C9E0 /* HomeViewModel.swift */; };
		479AE0882CF0ADFF00C4C9E0 /* OfficeAddEmployeeView.swift in Sources */ = {isa = PBXBuildFile; fileRef = 479AE02F2CF0ADFF00C4C9E0 /* OfficeAddEmployeeView.swift */; };
		479AE0892CF0ADFF00C4C9E0 /* OfficeDefaultView.swift in Sources */ = {isa = PBXBuildFile; fileRef = 479AE0302CF0ADFF00C4C9E0 /* OfficeDefaultView.swift */; };
		479AE08A2CF0ADFF00C4C9E0 /* OfficeDetailsView.swift in Sources */ = {isa = PBXBuildFile; fileRef = 479AE0322CF0ADFF00C4C9E0 /* OfficeDetailsView.swift */; };
		479AE08B2CF0ADFF00C4C9E0 /* OfficeDetailsViewModel.swift in Sources */ = {isa = PBXBuildFile; fileRef = 479AE0332CF0ADFF00C4C9E0 /* OfficeDetailsViewModel.swift */; };
		479AE08C2CF0ADFF00C4C9E0 /* OfficesView.swift in Sources */ = {isa = PBXBuildFile; fileRef = 479AE0352CF0ADFF00C4C9E0 /* OfficesView.swift */; };
		479AE08D2CF0ADFF00C4C9E0 /* OfficesViewModel.swift in Sources */ = {isa = PBXBuildFile; fileRef = 479AE0362CF0ADFF00C4C9E0 /* OfficesViewModel.swift */; };
		479AE08E2CF0ADFF00C4C9E0 /* RemovedOfficesView.swift in Sources */ = {isa = PBXBuildFile; fileRef = 479AE0382CF0ADFF00C4C9E0 /* RemovedOfficesView.swift */; };
		479AE08F2CF0ADFF00C4C9E0 /* RemovedOfficesViewModel.swift in Sources */ = {isa = PBXBuildFile; fileRef = 479AE0392CF0ADFF00C4C9E0 /* RemovedOfficesViewModel.swift */; };
		479AE0902CF0ADFF00C4C9E0 /* AddPersonView.swift in Sources */ = {isa = PBXBuildFile; fileRef = 479AE03C2CF0ADFF00C4C9E0 /* AddPersonView.swift */; };
		479AE0912CF0ADFF00C4C9E0 /* AddPersonViewModel.swift in Sources */ = {isa = PBXBuildFile; fileRef = 479AE03D2CF0ADFF00C4C9E0 /* AddPersonViewModel.swift */; };
		479AE0922CF0ADFF00C4C9E0 /* PersonCell.swift in Sources */ = {isa = PBXBuildFile; fileRef = 479AE03F2CF0ADFF00C4C9E0 /* PersonCell.swift */; };
		479AE0932CF0ADFF00C4C9E0 /* StaffListView.swift in Sources */ = {isa = PBXBuildFile; fileRef = 479AE0412CF0ADFF00C4C9E0 /* StaffListView.swift */; };
		479AE0942CF0ADFF00C4C9E0 /* StaffListViewModel.swift in Sources */ = {isa = PBXBuildFile; fileRef = 479AE0422CF0ADFF00C4C9E0 /* StaffListViewModel.swift */; };
		479AE0952CF0ADFF00C4C9E0 /* OfficeStatisticsCell.swift in Sources */ = {isa = PBXBuildFile; fileRef = 479AE0452CF0ADFF00C4C9E0 /* OfficeStatisticsCell.swift */; };
		479AE0962CF0ADFF00C4C9E0 /* StatisticsView.swift in Sources */ = {isa = PBXBuildFile; fileRef = 479AE0472CF0ADFF00C4C9E0 /* StatisticsView.swift */; };
		479AE0972CF0ADFF00C4C9E0 /* StatisticsViewModel.swift in Sources */ = {isa = PBXBuildFile; fileRef = 479AE0482CF0ADFF00C4C9E0 /* StatisticsViewModel.swift */; };
		479AE0982CF0ADFF00C4C9E0 /* TabBar.swift in Sources */ = {isa = PBXBuildFile; fileRef = 479AE04A2CF0ADFF00C4C9E0 /* TabBar.swift */; };
		479AE0992CF0ADFF00C4C9E0 /* TabBarCustomView.swift in Sources */ = {isa = PBXBuildFile; fileRef = 479AE04B2CF0ADFF00C4C9E0 /* TabBarCustomView.swift */; };
		479AE09A2CF0ADFF00C4C9E0 /* TabBarViewModel.swift in Sources */ = {isa = PBXBuildFile; fileRef = 479AE04C2CF0ADFF00C4C9E0 /* TabBarViewModel.swift */; };
		479AE09B2CF0ADFF00C4C9E0 /* OnboardingView.swift in Sources */ = {isa = PBXBuildFile; fileRef = 479AE04F2CF0ADFF00C4C9E0 /* OnboardingView.swift */; };
		479AE09C2CF0ADFF00C4C9E0 /* OnboardingViewModel.swift in Sources */ = {isa = PBXBuildFile; fileRef = 479AE0502CF0ADFF00C4C9E0 /* OnboardingViewModel.swift */; };
		479AE09D2CF0ADFF00C4C9E0 /* OnboardingViewTabView.swift in Sources */ = {isa = PBXBuildFile; fileRef = 479AE0522CF0ADFF00C4C9E0 /* OnboardingViewTabView.swift */; };
		479AE09E2CF0ADFF00C4C9E0 /* PreloaderView.swift in Sources */ = {isa = PBXBuildFile; fileRef = 479AE0552CF0ADFF00C4C9E0 /* PreloaderView.swift */; };
		479AE09F2CF0ADFF00C4C9E0 /* PrivacyPolicyView.swift in Sources */ = {isa = PBXBuildFile; fileRef = 479AE0572CF0ADFF00C4C9E0 /* PrivacyPolicyView.swift */; };
		479AE0A02CF0ADFF00C4C9E0 /* PrivacyPolicyViewModel.swift in Sources */ = {isa = PBXBuildFile; fileRef = 479AE0582CF0ADFF00C4C9E0 /* PrivacyPolicyViewModel.swift */; };
		479AE0A12CF0ADFF00C4C9E0 /* RootContentView.swift in Sources */ = {isa = PBXBuildFile; fileRef = 479AE05A2CF0ADFF00C4C9E0 /* RootContentView.swift */; };
		479AE0A22CF0ADFF00C4C9E0 /* RootContentViewModel.swift in Sources */ = {isa = PBXBuildFile; fileRef = 479AE05B2CF0ADFF00C4C9E0 /* RootContentViewModel.swift */; };
		479AE0A32CF0ADFF00C4C9E0 /* Colors.xcassets in Resources */ = {isa = PBXBuildFile; fileRef = 479AE0012CF0ADFF00C4C9E0 /* Colors.xcassets */; };
		479AE0A42CF0ADFF00C4C9E0 /* FontsFree-Net-SFProDisplay-Semibold.ttf in Resources */ = {isa = PBXBuildFile; fileRef = 479AE0052CF0ADFF00C4C9E0 /* FontsFree-Net-SFProDisplay-Semibold.ttf */; };
		479AE0A52CF0ADFF00C4C9E0 /* SFPRODISPLAYBLACKITALIC.OTF in Resources */ = {isa = PBXBuildFile; fileRef = 479AE0062CF0ADFF00C4C9E0 /* SFPRODISPLAYBLACKITALIC.OTF */; };
		479AE0A62CF0ADFF00C4C9E0 /* SFPRODISPLAYBOLD.OTF in Resources */ = {isa = PBXBuildFile; fileRef = 479AE0072CF0ADFF00C4C9E0 /* SFPRODISPLAYBOLD.OTF */; };
		479AE0A72CF0ADFF00C4C9E0 /* SFPRODISPLAYHEAVYITALIC.OTF in Resources */ = {isa = PBXBuildFile; fileRef = 479AE0082CF0ADFF00C4C9E0 /* SFPRODISPLAYHEAVYITALIC.OTF */; };
		479AE0A82CF0ADFF00C4C9E0 /* SFPRODISPLAYLIGHTITALIC.OTF in Resources */ = {isa = PBXBuildFile; fileRef = 479AE0092CF0ADFF00C4C9E0 /* SFPRODISPLAYLIGHTITALIC.OTF */; };
		479AE0A92CF0ADFF00C4C9E0 /* SFPRODISPLAYMEDIUM.OTF in Resources */ = {isa = PBXBuildFile; fileRef = 479AE00A2CF0ADFF00C4C9E0 /* SFPRODISPLAYMEDIUM.OTF */; };
		479AE0AA2CF0ADFF00C4C9E0 /* SFPRODISPLAYREGULAR.OTF in Resources */ = {isa = PBXBuildFile; fileRef = 479AE00B2CF0ADFF00C4C9E0 /* SFPRODISPLAYREGULAR.OTF */; };
		479AE0AB2CF0ADFF00C4C9E0 /* SFPRODISPLAYSEMIBOLDITALIC.OTF in Resources */ = {isa = PBXBuildFile; fileRef = 479AE00C2CF0ADFF00C4C9E0 /* SFPRODISPLAYSEMIBOLDITALIC.OTF */; };
		479AE0AC2CF0ADFF00C4C9E0 /* SFPRODISPLAYTHINITALIC.OTF in Resources */ = {isa = PBXBuildFile; fileRef = 479AE00D2CF0ADFF00C4C9E0 /* SFPRODISPLAYTHINITALIC.OTF */; };
		479AE0AD2CF0ADFF00C4C9E0 /* SFPRODISPLAYULTRALIGHTITALIC.OTF in Resources */ = {isa = PBXBuildFile; fileRef = 479AE00E2CF0ADFF00C4C9E0 /* SFPRODISPLAYULTRALIGHTITALIC.OTF */; };
		479AE0AE2CF0ADFF00C4C9E0 /* Images.xcassets in Resources */ = {isa = PBXBuildFile; fileRef = 479AE0102CF0ADFF00C4C9E0 /* Images.xcassets */; };
		479AE0AF2CF0ADFF00C4C9E0 /* Assets.xcassets in Resources */ = {isa = PBXBuildFile; fileRef = 479AE05E2CF0ADFF00C4C9E0 /* Assets.xcassets */; };
		479AE0B12CF0ADFF00C4C9E0 /* LaunchScreen.storyboard in Resources */ = {isa = PBXBuildFile; fileRef = 479AE0612CF0ADFF00C4C9E0 /* LaunchScreen.storyboard */; };
		47CAEA792CEE3D9D00B48C44 /* swiftgen.yml in Resources */ = {isa = PBXBuildFile; fileRef = 47CAEA782CEE3D9D00B48C44 /* swiftgen.yml */; };
/* End PBXBuildFile section */

/* Begin PBXFileReference section */
		479ADFE22CF0ADFF00C4C9E0 /* AppDelegate.swift */ = {isa = PBXFileReference; lastKnownFileType = sourcecode.swift; path = AppDelegate.swift; sourceTree = "<group>"; };
		479ADFE32CF0ADFF00C4C9E0 /* RootViewController.swift */ = {isa = PBXFileReference; lastKnownFileType = sourcecode.swift; path = RootViewController.swift; sourceTree = "<group>"; };
		479ADFE42CF0ADFF00C4C9E0 /* SceneDelegate.swift */ = {isa = PBXFileReference; lastKnownFileType = sourcecode.swift; path = SceneDelegate.swift; sourceTree = "<group>"; };
		479ADFE62CF0ADFF00C4C9E0 /* Date+Additions.swift */ = {isa = PBXFileReference; lastKnownFileType = sourcecode.swift; path = "Date+Additions.swift"; sourceTree = "<group>"; };
		479ADFE72CF0ADFF00C4C9E0 /* Double+Additions.swift */ = {isa = PBXFileReference; lastKnownFileType = sourcecode.swift; path = "Double+Additions.swift"; sourceTree = "<group>"; };
		479ADFE82CF0ADFF00C4C9E0 /* String+Additions.swift */ = {isa = PBXFileReference; lastKnownFileType = sourcecode.swift; path = "String+Additions.swift"; sourceTree = "<group>"; };
		479ADFE92CF0ADFF00C4C9E0 /* UINavigationController+Additions.swift */ = {isa = PBXFileReference; lastKnownFileType = sourcecode.swift; path = "UINavigationController+Additions.swift"; sourceTree = "<group>"; };
		479ADFEA2CF0ADFF00C4C9E0 /* View+Additions.swift */ = {isa = PBXFileReference; lastKnownFileType = sourcecode.swift; path = "View+Additions.swift"; sourceTree = "<group>"; };
		479ADFEC2CF0ADFF00C4C9E0 /* ImagePicker.swift */ = {isa = PBXFileReference; lastKnownFileType = sourcecode.swift; path = ImagePicker.swift; sourceTree = "<group>"; };
		479ADFEE2CF0ADFF00C4C9E0 /* ShareSheet.swift */ = {isa = PBXFileReference; lastKnownFileType = sourcecode.swift; path = ShareSheet.swift; sourceTree = "<group>"; };
		479ADFF02CF0ADFF00C4C9E0 /* BackButtonView.swift */ = {isa = PBXFileReference; lastKnownFileType = sourcecode.swift; path = BackButtonView.swift; sourceTree = "<group>"; };
		479ADFF22CF0ADFF00C4C9E0 /* CircularProgressBar.swift */ = {isa = PBXFileReference; lastKnownFileType = sourcecode.swift; path = CircularProgressBar.swift; sourceTree = "<group>"; };
		479ADFF42CF0ADFF00C4C9E0 /* DynamicHeightTextField.swift */ = {isa = PBXFileReference; lastKnownFileType = sourcecode.swift; path = DynamicHeightTextField.swift; sourceTree = "<group>"; };
		479ADFF62CF0ADFF00C4C9E0 /* InputField.swift */ = {isa = PBXFileReference; lastKnownFileType = sourcecode.swift; path = InputField.swift; sourceTree = "<group>"; };
		479ADFF82CF0ADFF00C4C9E0 /* NextButton.swift */ = {isa = PBXFileReference; lastKnownFileType = sourcecode.swift; path = NextButton.swift; sourceTree = "<group>"; };
		479ADFFA2CF0ADFF00C4C9E0 /* SwiftUIViewWebView.swift */ = {isa = PBXFileReference; lastKnownFileType = sourcecode.swift; path = SwiftUIViewWebView.swift; sourceTree = "<group>"; };
		479ADFFE2CF0ADFF00C4C9E0 /* OfficeModel.swift */ = {isa = PBXFileReference; lastKnownFileType = sourcecode.swift; path = OfficeModel.swift; sourceTree = "<group>"; };
		479ADFFF2CF0ADFF00C4C9E0 /* PersoneModel.swift */ = {isa = PBXFileReference; lastKnownFileType = sourcecode.swift; path = PersoneModel.swift; sourceTree = "<group>"; };
		479AE0012CF0ADFF00C4C9E0 /* Colors.xcassets */ = {isa = PBXFileReference; lastKnownFileType = folder.assetcatalog; path = Colors.xcassets; sourceTree = "<group>"; };
		479AE0022CF0ADFF00C4C9E0 /* Colors.generated.swift */ = {isa = PBXFileReference; lastKnownFileType = sourcecode.swift; path = Colors.generated.swift; sourceTree = "<group>"; };
		479AE0042CF0ADFF00C4C9E0 /* Fonts.generated.swift */ = {isa = PBXFileReference; lastKnownFileType = sourcecode.swift; path = Fonts.generated.swift; sourceTree = "<group>"; };
		479AE0052CF0ADFF00C4C9E0 /* FontsFree-Net-SFProDisplay-Semibold.ttf */ = {isa = PBXFileReference; lastKnownFileType = file; path = "FontsFree-Net-SFProDisplay-Semibold.ttf"; sourceTree = "<group>"; };
		479AE0062CF0ADFF00C4C9E0 /* SFPRODISPLAYBLACKITALIC.OTF */ = {isa = PBXFileReference; lastKnownFileType = file; path = SFPRODISPLAYBLACKITALIC.OTF; sourceTree = "<group>"; };
		479AE0072CF0ADFF00C4C9E0 /* SFPRODISPLAYBOLD.OTF */ = {isa = PBXFileReference; lastKnownFileType = file; path = SFPRODISPLAYBOLD.OTF; sourceTree = "<group>"; };
		479AE0082CF0ADFF00C4C9E0 /* SFPRODISPLAYHEAVYITALIC.OTF */ = {isa = PBXFileReference; lastKnownFileType = file; path = SFPRODISPLAYHEAVYITALIC.OTF; sourceTree = "<group>"; };
		479AE0092CF0ADFF00C4C9E0 /* SFPRODISPLAYLIGHTITALIC.OTF */ = {isa = PBXFileReference; lastKnownFileType = file; path = SFPRODISPLAYLIGHTITALIC.OTF; sourceTree = "<group>"; };
		479AE00A2CF0ADFF00C4C9E0 /* SFPRODISPLAYMEDIUM.OTF */ = {isa = PBXFileReference; lastKnownFileType = file; path = SFPRODISPLAYMEDIUM.OTF; sourceTree = "<group>"; };
		479AE00B2CF0ADFF00C4C9E0 /* SFPRODISPLAYREGULAR.OTF */ = {isa = PBXFileReference; lastKnownFileType = file; path = SFPRODISPLAYREGULAR.OTF; sourceTree = "<group>"; };
		479AE00C2CF0ADFF00C4C9E0 /* SFPRODISPLAYSEMIBOLDITALIC.OTF */ = {isa = PBXFileReference; lastKnownFileType = file; path = SFPRODISPLAYSEMIBOLDITALIC.OTF; sourceTree = "<group>"; };
		479AE00D2CF0ADFF00C4C9E0 /* SFPRODISPLAYTHINITALIC.OTF */ = {isa = PBXFileReference; lastKnownFileType = file; path = SFPRODISPLAYTHINITALIC.OTF; sourceTree = "<group>"; };
		479AE00E2CF0ADFF00C4C9E0 /* SFPRODISPLAYULTRALIGHTITALIC.OTF */ = {isa = PBXFileReference; lastKnownFileType = file; path = SFPRODISPLAYULTRALIGHTITALIC.OTF; sourceTree = "<group>"; };
		479AE0102CF0ADFF00C4C9E0 /* Images.xcassets */ = {isa = PBXFileReference; lastKnownFileType = folder.assetcatalog; path = Images.xcassets; sourceTree = "<group>"; };
		479AE0112CF0ADFF00C4C9E0 /* Images.generated.swift */ = {isa = PBXFileReference; lastKnownFileType = sourcecode.swift; path = Images.generated.swift; sourceTree = "<group>"; };
		479AE0142CF0ADFF00C4C9E0 /* DefaultsService.swift */ = {isa = PBXFileReference; lastKnownFileType = sourcecode.swift; path = DefaultsService.swift; sourceTree = "<group>"; };
		479AE0162CF0ADFF00C4C9E0 /* FileManagerService.swift */ = {isa = PBXFileReference; lastKnownFileType = sourcecode.swift; path = FileManagerService.swift; sourceTree = "<group>"; };
		479AE0182CF0ADFF00C4C9E0 /* ImageStorageManager.swift */ = {isa = PBXFileReference; lastKnownFileType = sourcecode.swift; path = ImageStorageManager.swift; sourceTree = "<group>"; };
		479AE01A2CF0ADFF00C4C9E0 /* NotificationManager.swift */ = {isa = PBXFileReference; lastKnownFileType = sourcecode.swift; path = NotificationManager.swift; sourceTree = "<group>"; };
		479AE01D2CF0ADFF00C4C9E0 /* ChallangeCell.swift */ = {isa = PBXFileReference; lastKnownFileType = sourcecode.swift; path = ChallangeCell.swift; sourceTree = "<group>"; };
		479AE01E2CF0ADFF00C4C9E0 /* ChallengesTabView.swift */ = {isa = PBXFileReference; lastKnownFileType = sourcecode.swift; path = ChallengesTabView.swift; sourceTree = "<group>"; };
		479AE01F2CF0ADFF00C4C9E0 /* ChallengesView.swift */ = {isa = PBXFileReference; lastKnownFileType = sourcecode.swift; path = ChallengesView.swift; sourceTree = "<group>"; };
		479AE0202CF0ADFF00C4C9E0 /* ChallengesViewModel.swift */ = {isa = PBXFileReference; lastKnownFileType = sourcecode.swift; path = ChallengesViewModel.swift; sourceTree = "<group>"; };
		479AE0222CF0ADFF00C4C9E0 /* ChallengesStartView.swift */ = {isa = PBXFileReference; lastKnownFileType = sourcecode.swift; path = ChallengesStartView.swift; sourceTree = "<group>"; };
		479AE0232CF0ADFF00C4C9E0 /* ChallengesStartViewModel.swift */ = {isa = PBXFileReference; lastKnownFileType = sourcecode.swift; path = ChallengesStartViewModel.swift; sourceTree = "<group>"; };
		479AE0262CF0ADFF00C4C9E0 /* AddOfficeView.swift */ = {isa = PBXFileReference; lastKnownFileType = sourcecode.swift; path = AddOfficeView.swift; sourceTree = "<group>"; };
		479AE0272CF0ADFF00C4C9E0 /* AddOfficeViewMode.swift */ = {isa = PBXFileReference; lastKnownFileType = sourcecode.swift; path = AddOfficeViewMode.swift; sourceTree = "<group>"; };
		479AE0292CF0ADFF00C4C9E0 /* HomeButton.swift */ = {isa = PBXFileReference; lastKnownFileType = sourcecode.swift; path = HomeButton.swift; sourceTree = "<group>"; };
		479AE02A2CF0ADFF00C4C9E0 /* OfficeCell.swift */ = {isa = PBXFileReference; lastKnownFileType = sourcecode.swift; path = OfficeCell.swift; sourceTree = "<group>"; };
		479AE02C2CF0ADFF00C4C9E0 /* HomeView.swift */ = {isa = PBXFileReference; lastKnownFileType = sourcecode.swift; path = HomeView.swift; sourceTree = "<group>"; };
		479AE02D2CF0ADFF00C4C9E0 /* HomeViewModel.swift */ = {isa = PBXFileReference; lastKnownFileType = sourcecode.swift; path = HomeViewModel.swift; sourceTree = "<group>"; };
		479AE02F2CF0ADFF00C4C9E0 /* OfficeAddEmployeeView.swift */ = {isa = PBXFileReference; lastKnownFileType = sourcecode.swift; path = OfficeAddEmployeeView.swift; sourceTree = "<group>"; };
		479AE0302CF0ADFF00C4C9E0 /* OfficeDefaultView.swift */ = {isa = PBXFileReference; lastKnownFileType = sourcecode.swift; path = OfficeDefaultView.swift; sourceTree = "<group>"; };
		479AE0322CF0ADFF00C4C9E0 /* OfficeDetailsView.swift */ = {isa = PBXFileReference; lastKnownFileType = sourcecode.swift; path = OfficeDetailsView.swift; sourceTree = "<group>"; };
		479AE0332CF0ADFF00C4C9E0 /* OfficeDetailsViewModel.swift */ = {isa = PBXFileReference; lastKnownFileType = sourcecode.swift; path = OfficeDetailsViewModel.swift; sourceTree = "<group>"; };
		479AE0352CF0ADFF00C4C9E0 /* OfficesView.swift */ = {isa = PBXFileReference; lastKnownFileType = sourcecode.swift; path = OfficesView.swift; sourceTree = "<group>"; };
		479AE0362CF0ADFF00C4C9E0 /* OfficesViewModel.swift */ = {isa = PBXFileReference; lastKnownFileType = sourcecode.swift; path = OfficesViewModel.swift; sourceTree = "<group>"; };
		479AE0382CF0ADFF00C4C9E0 /* RemovedOfficesView.swift */ = {isa = PBXFileReference; lastKnownFileType = sourcecode.swift; path = RemovedOfficesView.swift; sourceTree = "<group>"; };
		479AE0392CF0ADFF00C4C9E0 /* RemovedOfficesViewModel.swift */ = {isa = PBXFileReference; lastKnownFileType = sourcecode.swift; path = RemovedOfficesViewModel.swift; sourceTree = "<group>"; };
		479AE03C2CF0ADFF00C4C9E0 /* AddPersonView.swift */ = {isa = PBXFileReference; lastKnownFileType = sourcecode.swift; path = AddPersonView.swift; sourceTree = "<group>"; };
		479AE03D2CF0ADFF00C4C9E0 /* AddPersonViewModel.swift */ = {isa = PBXFileReference; lastKnownFileType = sourcecode.swift; path = AddPersonViewModel.swift; sourceTree = "<group>"; };
		479AE03F2CF0ADFF00C4C9E0 /* PersonCell.swift */ = {isa = PBXFileReference; lastKnownFileType = sourcecode.swift; path = PersonCell.swift; sourceTree = "<group>"; };
		479AE0412CF0ADFF00C4C9E0 /* StaffListView.swift */ = {isa = PBXFileReference; lastKnownFileType = sourcecode.swift; path = StaffListView.swift; sourceTree = "<group>"; };
		479AE0422CF0ADFF00C4C9E0 /* StaffListViewModel.swift */ = {isa = PBXFileReference; lastKnownFileType = sourcecode.swift; path = StaffListViewModel.swift; sourceTree = "<group>"; };
		479AE0452CF0ADFF00C4C9E0 /* OfficeStatisticsCell.swift */ = {isa = PBXFileReference; lastKnownFileType = sourcecode.swift; path = OfficeStatisticsCell.swift; sourceTree = "<group>"; };
		479AE0472CF0ADFF00C4C9E0 /* StatisticsView.swift */ = {isa = PBXFileReference; lastKnownFileType = sourcecode.swift; path = StatisticsView.swift; sourceTree = "<group>"; };
		479AE0482CF0ADFF00C4C9E0 /* StatisticsViewModel.swift */ = {isa = PBXFileReference; lastKnownFileType = sourcecode.swift; path = StatisticsViewModel.swift; sourceTree = "<group>"; };
		479AE04A2CF0ADFF00C4C9E0 /* TabBar.swift */ = {isa = PBXFileReference; lastKnownFileType = sourcecode.swift; path = TabBar.swift; sourceTree = "<group>"; };
		479AE04B2CF0ADFF00C4C9E0 /* TabBarCustomView.swift */ = {isa = PBXFileReference; lastKnownFileType = sourcecode.swift; path = TabBarCustomView.swift; sourceTree = "<group>"; };
		479AE04C2CF0ADFF00C4C9E0 /* TabBarViewModel.swift */ = {isa = PBXFileReference; lastKnownFileType = sourcecode.swift; path = TabBarViewModel.swift; sourceTree = "<group>"; };
		479AE04F2CF0ADFF00C4C9E0 /* OnboardingView.swift */ = {isa = PBXFileReference; lastKnownFileType = sourcecode.swift; path = OnboardingView.swift; sourceTree = "<group>"; };
		479AE0502CF0ADFF00C4C9E0 /* OnboardingViewModel.swift */ = {isa = PBXFileReference; lastKnownFileType = sourcecode.swift; path = OnboardingViewModel.swift; sourceTree = "<group>"; };
		479AE0522CF0ADFF00C4C9E0 /* OnboardingViewTabView.swift */ = {isa = PBXFileReference; lastKnownFileType = sourcecode.swift; path = OnboardingViewTabView.swift; sourceTree = "<group>"; };
		479AE0552CF0ADFF00C4C9E0 /* PreloaderView.swift */ = {isa = PBXFileReference; lastKnownFileType = sourcecode.swift; path = PreloaderView.swift; sourceTree = "<group>"; };
		479AE0572CF0ADFF00C4C9E0 /* PrivacyPolicyView.swift */ = {isa = PBXFileReference; lastKnownFileType = sourcecode.swift; path = PrivacyPolicyView.swift; sourceTree = "<group>"; };
		479AE0582CF0ADFF00C4C9E0 /* PrivacyPolicyViewModel.swift */ = {isa = PBXFileReference; lastKnownFileType = sourcecode.swift; path = PrivacyPolicyViewModel.swift; sourceTree = "<group>"; };
		479AE05A2CF0ADFF00C4C9E0 /* RootContentView.swift */ = {isa = PBXFileReference; lastKnownFileType = sourcecode.swift; path = RootContentView.swift; sourceTree = "<group>"; };
		479AE05B2CF0ADFF00C4C9E0 /* RootContentViewModel.swift */ = {isa = PBXFileReference; lastKnownFileType = sourcecode.swift; path = RootContentViewModel.swift; sourceTree = "<group>"; };
		479AE05E2CF0ADFF00C4C9E0 /* Assets.xcassets */ = {isa = PBXFileReference; lastKnownFileType = folder.assetcatalog; path = Assets.xcassets; sourceTree = "<group>"; };
		479AE05F2CF0ADFF00C4C9E0 /* Info.plist */ = {isa = PBXFileReference; lastKnownFileType = text.plist.xml; path = Info.plist; sourceTree = "<group>"; };
		479AE0602CF0ADFF00C4C9E0 /* Base */ = {isa = PBXFileReference; lastKnownFileType = file.storyboard; name = Base; path = Base.lproj/LaunchScreen.storyboard; sourceTree = "<group>"; };
		47CAE8BE2CEE3D2C00B48C44 /* Brouipetbrain.app */ = {isa = PBXFileReference; explicitFileType = wrapper.application; includeInIndex = 0; path = Brouipetbrain.app; sourceTree = BUILT_PRODUCTS_DIR; };
		47CAEA782CEE3D9D00B48C44 /* swiftgen.yml */ = {isa = PBXFileReference; lastKnownFileType = text.yaml; path = swiftgen.yml; sourceTree = "<group>"; };
/* End PBXFileReference section */

/* Begin PBXFrameworksBuildPhase section */
		47CAE8BB2CEE3D2C00B48C44 /* Frameworks */ = {
			isa = PBXFrameworksBuildPhase;
			buildActionMask = 2147483647;
			files = (
			);
			runOnlyForDeploymentPostprocessing = 0;
		};
/* End PBXFrameworksBuildPhase section */

/* Begin PBXGroup section */
		479ADFE52CF0ADFF00C4C9E0 /* App */ = {
			isa = PBXGroup;
			children = (
				479ADFE22CF0ADFF00C4C9E0 /* AppDelegate.swift */,
				479ADFE32CF0ADFF00C4C9E0 /* RootViewController.swift */,
				479ADFE42CF0ADFF00C4C9E0 /* SceneDelegate.swift */,
			);
			path = App;
			sourceTree = "<group>";
		};
		479ADFEB2CF0ADFF00C4C9E0 /* Extensions */ = {
			isa = PBXGroup;
			children = (
				479ADFE62CF0ADFF00C4C9E0 /* Date+Additions.swift */,
				479ADFE72CF0ADFF00C4C9E0 /* Double+Additions.swift */,
				479ADFE82CF0ADFF00C4C9E0 /* String+Additions.swift */,
				479ADFE92CF0ADFF00C4C9E0 /* UINavigationController+Additions.swift */,
				479ADFEA2CF0ADFF00C4C9E0 /* View+Additions.swift */,
			);
			path = Extensions;
			sourceTree = "<group>";
		};
		479ADFED2CF0ADFF00C4C9E0 /* ImagePicker */ = {
			isa = PBXGroup;
			children = (
				479ADFEC2CF0ADFF00C4C9E0 /* ImagePicker.swift */,
			);
			path = ImagePicker;
			sourceTree = "<group>";
		};
		479ADFEF2CF0ADFF00C4C9E0 /* ShareSheet */ = {
			isa = PBXGroup;
			children = (
				479ADFEE2CF0ADFF00C4C9E0 /* ShareSheet.swift */,
			);
			path = ShareSheet;
			sourceTree = "<group>";
		};
		479ADFF12CF0ADFF00C4C9E0 /* BackButton */ = {
			isa = PBXGroup;
			children = (
				479ADFF02CF0ADFF00C4C9E0 /* BackButtonView.swift */,
			);
			path = BackButton;
			sourceTree = "<group>";
		};
		479ADFF32CF0ADFF00C4C9E0 /* CircularProgressBar */ = {
			isa = PBXGroup;
			children = (
				479ADFF22CF0ADFF00C4C9E0 /* CircularProgressBar.swift */,
			);
			path = CircularProgressBar;
			sourceTree = "<group>";
		};
		479ADFF52CF0ADFF00C4C9E0 /* DynamicHeightTextField */ = {
			isa = PBXGroup;
			children = (
				479ADFF42CF0ADFF00C4C9E0 /* DynamicHeightTextField.swift */,
			);
			path = DynamicHeightTextField;
			sourceTree = "<group>";
		};
		479ADFF72CF0ADFF00C4C9E0 /* InputField */ = {
			isa = PBXGroup;
			children = (
				479ADFF62CF0ADFF00C4C9E0 /* InputField.swift */,
			);
			path = InputField;
			sourceTree = "<group>";
		};
		479ADFF92CF0ADFF00C4C9E0 /* NextButton */ = {
			isa = PBXGroup;
			children = (
				479ADFF82CF0ADFF00C4C9E0 /* NextButton.swift */,
			);
			path = NextButton;
			sourceTree = "<group>";
		};
		479ADFFB2CF0ADFF00C4C9E0 /* WebView */ = {
			isa = PBXGroup;
			children = (
				479ADFFA2CF0ADFF00C4C9E0 /* SwiftUIViewWebView.swift */,
			);
			path = WebView;
			sourceTree = "<group>";
		};
		479ADFFC2CF0ADFF00C4C9E0 /* Views */ = {
			isa = PBXGroup;
			children = (
				479ADFF12CF0ADFF00C4C9E0 /* BackButton */,
				479ADFF32CF0ADFF00C4C9E0 /* CircularProgressBar */,
				479ADFF52CF0ADFF00C4C9E0 /* DynamicHeightTextField */,
				479ADFF72CF0ADFF00C4C9E0 /* InputField */,
				479ADFF92CF0ADFF00C4C9E0 /* NextButton */,
				479ADFFB2CF0ADFF00C4C9E0 /* WebView */,
			);
			path = Views;
			sourceTree = "<group>";
		};
		479ADFFD2CF0ADFF00C4C9E0 /* Helpers */ = {
			isa = PBXGroup;
			children = (
				479ADFED2CF0ADFF00C4C9E0 /* ImagePicker */,
				479ADFEF2CF0ADFF00C4C9E0 /* ShareSheet */,
				479ADFFC2CF0ADFF00C4C9E0 /* Views */,
			);
			path = Helpers;
			sourceTree = "<group>";
		};
		479AE0002CF0ADFF00C4C9E0 /* Models */ = {
			isa = PBXGroup;
			children = (
				479ADFFE2CF0ADFF00C4C9E0 /* OfficeModel.swift */,
				479ADFFF2CF0ADFF00C4C9E0 /* PersoneModel.swift */,
			);
			path = Models;
			sourceTree = "<group>";
		};
		479AE0032CF0ADFF00C4C9E0 /* Colors */ = {
			isa = PBXGroup;
			children = (
				479AE0012CF0ADFF00C4C9E0 /* Colors.xcassets */,
				479AE0022CF0ADFF00C4C9E0 /* Colors.generated.swift */,
			);
			path = Colors;
			sourceTree = "<group>";
		};
		479AE00F2CF0ADFF00C4C9E0 /* Fonts */ = {
			isa = PBXGroup;
			children = (
				479AE0042CF0ADFF00C4C9E0 /* Fonts.generated.swift */,
				479AE0052CF0ADFF00C4C9E0 /* FontsFree-Net-SFProDisplay-Semibold.ttf */,
				479AE0062CF0ADFF00C4C9E0 /* SFPRODISPLAYBLACKITALIC.OTF */,
				479AE0072CF0ADFF00C4C9E0 /* SFPRODISPLAYBOLD.OTF */,
				479AE0082CF0ADFF00C4C9E0 /* SFPRODISPLAYHEAVYITALIC.OTF */,
				479AE0092CF0ADFF00C4C9E0 /* SFPRODISPLAYLIGHTITALIC.OTF */,
				479AE00A2CF0ADFF00C4C9E0 /* SFPRODISPLAYMEDIUM.OTF */,
				479AE00B2CF0ADFF00C4C9E0 /* SFPRODISPLAYREGULAR.OTF */,
				479AE00C2CF0ADFF00C4C9E0 /* SFPRODISPLAYSEMIBOLDITALIC.OTF */,
				479AE00D2CF0ADFF00C4C9E0 /* SFPRODISPLAYTHINITALIC.OTF */,
				479AE00E2CF0ADFF00C4C9E0 /* SFPRODISPLAYULTRALIGHTITALIC.OTF */,
			);
			path = Fonts;
			sourceTree = "<group>";
		};
		479AE0122CF0ADFF00C4C9E0 /* Images */ = {
			isa = PBXGroup;
			children = (
				479AE0102CF0ADFF00C4C9E0 /* Images.xcassets */,
				479AE0112CF0ADFF00C4C9E0 /* Images.generated.swift */,
			);
			path = Images;
			sourceTree = "<group>";
		};
		479AE0132CF0ADFF00C4C9E0 /* Resources */ = {
			isa = PBXGroup;
			children = (
				479AE0032CF0ADFF00C4C9E0 /* Colors */,
				479AE00F2CF0ADFF00C4C9E0 /* Fonts */,
				479AE0122CF0ADFF00C4C9E0 /* Images */,
			);
			path = Resources;
			sourceTree = "<group>";
		};
		479AE0152CF0ADFF00C4C9E0 /* Defaults */ = {
			isa = PBXGroup;
			children = (
				479AE0142CF0ADFF00C4C9E0 /* DefaultsService.swift */,
			);
			path = Defaults;
			sourceTree = "<group>";
		};
		479AE0172CF0ADFF00C4C9E0 /* FileManager */ = {
			isa = PBXGroup;
			children = (
				479AE0162CF0ADFF00C4C9E0 /* FileManagerService.swift */,
			);
			path = FileManager;
			sourceTree = "<group>";
		};
		479AE0192CF0ADFF00C4C9E0 /* ImageStorageManager */ = {
			isa = PBXGroup;
			children = (
				479AE0182CF0ADFF00C4C9E0 /* ImageStorageManager.swift */,
			);
			path = ImageStorageManager;
			sourceTree = "<group>";
		};
		479AE01B2CF0ADFF00C4C9E0 /* NotificationManager */ = {
			isa = PBXGroup;
			children = (
				479AE01A2CF0ADFF00C4C9E0 /* NotificationManager.swift */,
			);
			path = NotificationManager;
			sourceTree = "<group>";
		};
		479AE01C2CF0ADFF00C4C9E0 /* Services */ = {
			isa = PBXGroup;
			children = (
				479AE0152CF0ADFF00C4C9E0 /* Defaults */,
				479AE0172CF0ADFF00C4C9E0 /* FileManager */,
				479AE0192CF0ADFF00C4C9E0 /* ImageStorageManager */,
				479AE01B2CF0ADFF00C4C9E0 /* NotificationManager */,
			);
			path = Services;
			sourceTree = "<group>";
		};
		479AE0212CF0ADFF00C4C9E0 /* Challenges */ = {
			isa = PBXGroup;
			children = (
				479AE01D2CF0ADFF00C4C9E0 /* ChallangeCell.swift */,
				479AE01E2CF0ADFF00C4C9E0 /* ChallengesTabView.swift */,
				479AE01F2CF0ADFF00C4C9E0 /* ChallengesView.swift */,
				479AE0202CF0ADFF00C4C9E0 /* ChallengesViewModel.swift */,
			);
			path = Challenges;
			sourceTree = "<group>";
		};
		479AE0242CF0ADFF00C4C9E0 /* ChallengesStart */ = {
			isa = PBXGroup;
			children = (
				479AE0222CF0ADFF00C4C9E0 /* ChallengesStartView.swift */,
				479AE0232CF0ADFF00C4C9E0 /* ChallengesStartViewModel.swift */,
			);
			path = ChallengesStart;
			sourceTree = "<group>";
		};
		479AE0252CF0ADFF00C4C9E0 /* ChallengesFlow */ = {
			isa = PBXGroup;
			children = (
				479AE0212CF0ADFF00C4C9E0 /* Challenges */,
				479AE0242CF0ADFF00C4C9E0 /* ChallengesStart */,
			);
			path = ChallengesFlow;
			sourceTree = "<group>";
		};
		479AE0282CF0ADFF00C4C9E0 /* AddOffice */ = {
			isa = PBXGroup;
			children = (
				479AE0262CF0ADFF00C4C9E0 /* AddOfficeView.swift */,
				479AE0272CF0ADFF00C4C9E0 /* AddOfficeViewMode.swift */,
			);
			path = AddOffice;
			sourceTree = "<group>";
		};
		479AE02B2CF0ADFF00C4C9E0 /* Views */ = {
			isa = PBXGroup;
			children = (
				479AE0292CF0ADFF00C4C9E0 /* HomeButton.swift */,
				479AE02A2CF0ADFF00C4C9E0 /* OfficeCell.swift */,
			);
			path = Views;
			sourceTree = "<group>";
		};
		479AE02E2CF0ADFF00C4C9E0 /* Home */ = {
			isa = PBXGroup;
			children = (
				479AE02B2CF0ADFF00C4C9E0 /* Views */,
				479AE02C2CF0ADFF00C4C9E0 /* HomeView.swift */,
				479AE02D2CF0ADFF00C4C9E0 /* HomeViewModel.swift */,
			);
			path = Home;
			sourceTree = "<group>";
		};
		479AE0312CF0ADFF00C4C9E0 /* Views */ = {
			isa = PBXGroup;
			children = (
				479AE02F2CF0ADFF00C4C9E0 /* OfficeAddEmployeeView.swift */,
				479AE0302CF0ADFF00C4C9E0 /* OfficeDefaultView.swift */,
			);
			path = Views;
			sourceTree = "<group>";
		};
		479AE0342CF0ADFF00C4C9E0 /* OfficeDetails */ = {
			isa = PBXGroup;
			children = (
				479AE0312CF0ADFF00C4C9E0 /* Views */,
				479AE0322CF0ADFF00C4C9E0 /* OfficeDetailsView.swift */,
				479AE0332CF0ADFF00C4C9E0 /* OfficeDetailsViewModel.swift */,
			);
			path = OfficeDetails;
			sourceTree = "<group>";
		};
		479AE0372CF0ADFF00C4C9E0 /* Offices */ = {
			isa = PBXGroup;
			children = (
				479AE0352CF0ADFF00C4C9E0 /* OfficesView.swift */,
				479AE0362CF0ADFF00C4C9E0 /* OfficesViewModel.swift */,
			);
			path = Offices;
			sourceTree = "<group>";
		};
		479AE03A2CF0ADFF00C4C9E0 /* RemovedOffices */ = {
			isa = PBXGroup;
			children = (
				479AE0382CF0ADFF00C4C9E0 /* RemovedOfficesView.swift */,
				479AE0392CF0ADFF00C4C9E0 /* RemovedOfficesViewModel.swift */,
			);
			path = RemovedOffices;
			sourceTree = "<group>";
		};
		479AE03B2CF0ADFF00C4C9E0 /* HomeFlow */ = {
			isa = PBXGroup;
			children = (
				479AE0282CF0ADFF00C4C9E0 /* AddOffice */,
				479AE02E2CF0ADFF00C4C9E0 /* Home */,
				479AE0342CF0ADFF00C4C9E0 /* OfficeDetails */,
				479AE0372CF0ADFF00C4C9E0 /* Offices */,
				479AE03A2CF0ADFF00C4C9E0 /* RemovedOffices */,
			);
			path = HomeFlow;
			sourceTree = "<group>";
		};
		479AE03E2CF0ADFF00C4C9E0 /* AddPerson */ = {
			isa = PBXGroup;
			children = (
				479AE03C2CF0ADFF00C4C9E0 /* AddPersonView.swift */,
				479AE03D2CF0ADFF00C4C9E0 /* AddPersonViewModel.swift */,
			);
			path = AddPerson;
			sourceTree = "<group>";
		};
		479AE0402CF0ADFF00C4C9E0 /* Views */ = {
			isa = PBXGroup;
			children = (
				479AE03F2CF0ADFF00C4C9E0 /* PersonCell.swift */,
			);
			path = Views;
			sourceTree = "<group>";
		};
		479AE0432CF0ADFF00C4C9E0 /* StaffList */ = {
			isa = PBXGroup;
			children = (
				479AE0402CF0ADFF00C4C9E0 /* Views */,
				479AE0412CF0ADFF00C4C9E0 /* StaffListView.swift */,
				479AE0422CF0ADFF00C4C9E0 /* StaffListViewModel.swift */,
			);
			path = StaffList;
			sourceTree = "<group>";
		};
		479AE0442CF0ADFF00C4C9E0 /* StaffFlow */ = {
			isa = PBXGroup;
			children = (
				479AE03E2CF0ADFF00C4C9E0 /* AddPerson */,
				479AE0432CF0ADFF00C4C9E0 /* StaffList */,
			);
			path = StaffFlow;
			sourceTree = "<group>";
		};
		479AE0462CF0ADFF00C4C9E0 /* Views */ = {
			isa = PBXGroup;
			children = (
				479AE0452CF0ADFF00C4C9E0 /* OfficeStatisticsCell.swift */,
			);
			path = Views;
			sourceTree = "<group>";
		};
		479AE0492CF0ADFF00C4C9E0 /* StatisticsFlow */ = {
			isa = PBXGroup;
			children = (
				479AE0462CF0ADFF00C4C9E0 /* Views */,
				479AE0472CF0ADFF00C4C9E0 /* StatisticsView.swift */,
				479AE0482CF0ADFF00C4C9E0 /* StatisticsViewModel.swift */,
			);
			path = StatisticsFlow;
			sourceTree = "<group>";
		};
		479AE04D2CF0ADFF00C4C9E0 /* TabBar */ = {
			isa = PBXGroup;
			children = (
				479AE04A2CF0ADFF00C4C9E0 /* TabBar.swift */,
				479AE04B2CF0ADFF00C4C9E0 /* TabBarCustomView.swift */,
				479AE04C2CF0ADFF00C4C9E0 /* TabBarViewModel.swift */,
			);
			path = TabBar;
			sourceTree = "<group>";
		};
		479AE04E2CF0ADFF00C4C9E0 /* Main */ = {
			isa = PBXGroup;
			children = (
				479AE0252CF0ADFF00C4C9E0 /* ChallengesFlow */,
				479AE03B2CF0ADFF00C4C9E0 /* HomeFlow */,
				479AE0442CF0ADFF00C4C9E0 /* StaffFlow */,
				479AE0492CF0ADFF00C4C9E0 /* StatisticsFlow */,
				479AE04D2CF0ADFF00C4C9E0 /* TabBar */,
			);
			path = Main;
			sourceTree = "<group>";
		};
		479AE0512CF0ADFF00C4C9E0 /* OnboardingView */ = {
			isa = PBXGroup;
			children = (
				479AE04F2CF0ADFF00C4C9E0 /* OnboardingView.swift */,
				479AE0502CF0ADFF00C4C9E0 /* OnboardingViewModel.swift */,
			);
			path = OnboardingView;
			sourceTree = "<group>";
		};
		479AE0532CF0ADFF00C4C9E0 /* OnboardingViewTabView */ = {
			isa = PBXGroup;
			children = (
				479AE0522CF0ADFF00C4C9E0 /* OnboardingViewTabView.swift */,
			);
			path = OnboardingViewTabView;
			sourceTree = "<group>";
		};
		479AE0542CF0ADFF00C4C9E0 /* Onboarding */ = {
			isa = PBXGroup;
			children = (
				479AE0512CF0ADFF00C4C9E0 /* OnboardingView */,
				479AE0532CF0ADFF00C4C9E0 /* OnboardingViewTabView */,
			);
			path = Onboarding;
			sourceTree = "<group>";
		};
		479AE0562CF0ADFF00C4C9E0 /* Preloader */ = {
			isa = PBXGroup;
			children = (
				479AE0552CF0ADFF00C4C9E0 /* PreloaderView.swift */,
			);
			path = Preloader;
			sourceTree = "<group>";
		};
		479AE0592CF0ADFF00C4C9E0 /* PrivacyPolicy */ = {
			isa = PBXGroup;
			children = (
				479AE0572CF0ADFF00C4C9E0 /* PrivacyPolicyView.swift */,
				479AE0582CF0ADFF00C4C9E0 /* PrivacyPolicyViewModel.swift */,
			);
			path = PrivacyPolicy;
			sourceTree = "<group>";
		};
		479AE05C2CF0ADFF00C4C9E0 /* RootContent */ = {
			isa = PBXGroup;
			children = (
				479AE05A2CF0ADFF00C4C9E0 /* RootContentView.swift */,
				479AE05B2CF0ADFF00C4C9E0 /* RootContentViewModel.swift */,
			);
			path = RootContent;
			sourceTree = "<group>";
		};
		479AE05D2CF0ADFF00C4C9E0 /* Units */ = {
			isa = PBXGroup;
			children = (
				479AE04E2CF0ADFF00C4C9E0 /* Main */,
				479AE0542CF0ADFF00C4C9E0 /* Onboarding */,
				479AE0562CF0ADFF00C4C9E0 /* Preloader */,
				479AE0592CF0ADFF00C4C9E0 /* PrivacyPolicy */,
				479AE05C2CF0ADFF00C4C9E0 /* RootContent */,
			);
			path = Units;
			sourceTree = "<group>";
		};
		479AE0622CF0ADFF00C4C9E0 /* Brouipetbrain */ = {
			isa = PBXGroup;
			children = (
				479ADFE52CF0ADFF00C4C9E0 /* App */,
				479ADFEB2CF0ADFF00C4C9E0 /* Extensions */,
				479ADFFD2CF0ADFF00C4C9E0 /* Helpers */,
				479AE0002CF0ADFF00C4C9E0 /* Models */,
				479AE0132CF0ADFF00C4C9E0 /* Resources */,
				479AE01C2CF0ADFF00C4C9E0 /* Services */,
				479AE05D2CF0ADFF00C4C9E0 /* Units */,
				479AE05E2CF0ADFF00C4C9E0 /* Assets.xcassets */,
				479AE05F2CF0ADFF00C4C9E0 /* Info.plist */,
				479AE0612CF0ADFF00C4C9E0 /* LaunchScreen.storyboard */,
			);
			path = Brouipetbrain;
			sourceTree = "<group>";
		};
		47CAE8B52CEE3D2C00B48C44 = {
			isa = PBXGroup;
			children = (
				47CAEA782CEE3D9D00B48C44 /* swiftgen.yml */,
				479AE0622CF0ADFF00C4C9E0 /* Brouipetbrain */,
				47CAE8BF2CEE3D2C00B48C44 /* Products */,
			);
			sourceTree = "<group>";
		};
		47CAE8BF2CEE3D2C00B48C44 /* Products */ = {
			isa = PBXGroup;
			children = (
				47CAE8BE2CEE3D2C00B48C44 /* Brouipetbrain.app */,
			);
			name = Products;
			sourceTree = "<group>";
		};
/* End PBXGroup section */

/* Begin PBXNativeTarget section */
		47CAE8BD2CEE3D2C00B48C44 /* Brouipetbrain */ = {
			isa = PBXNativeTarget;
			buildConfigurationList = 47CAE8D12CEE3D2D00B48C44 /* Build configuration list for PBXNativeTarget "Brouipetbrain" */;
			buildPhases = (
				47CAE8BA2CEE3D2C00B48C44 /* Sources */,
				47CAE8BB2CEE3D2C00B48C44 /* Frameworks */,
				47CAE8BC2CEE3D2C00B48C44 /* Resources */,
				47CAEA7A2CEE3DB400B48C44 /* SwiftGen */,
			);
			buildRules = (
			);
			dependencies = (
			);
			name = Brouipetbrain;
			packageProductDependencies = (
			);
			productName = Brouipetbrain;
			productReference = 47CAE8BE2CEE3D2C00B48C44 /* Brouipetbrain.app */;
			productType = "com.apple.product-type.application";
		};
/* End PBXNativeTarget section */

/* Begin PBXProject section */
		47CAE8B62CEE3D2C00B48C44 /* Project object */ = {
			isa = PBXProject;
			attributes = {
				BuildIndependentTargetsInParallel = 1;
				LastSwiftUpdateCheck = 1610;
				LastUpgradeCheck = 1610;
				TargetAttributes = {
					47CAE8BD2CEE3D2C00B48C44 = {
						CreatedOnToolsVersion = 16.1;
					};
				};
			};
			buildConfigurationList = 47CAE8B92CEE3D2C00B48C44 /* Build configuration list for PBXProject "Brouipetbrain" */;
			compatibilityVersion = "Xcode 14.0";
			developmentRegion = en;
			hasScannedForEncodings = 0;
			knownRegions = (
				en,
				Base,
			);
			mainGroup = 47CAE8B52CEE3D2C00B48C44;
			minimizedProjectReferenceProxies = 1;
			productRefGroup = 47CAE8BF2CEE3D2C00B48C44 /* Products */;
			projectDirPath = "";
			projectRoot = "";
			targets = (
				47CAE8BD2CEE3D2C00B48C44 /* Brouipetbrain */,
			);
		};
/* End PBXProject section */

/* Begin PBXResourcesBuildPhase section */
		47CAE8BC2CEE3D2C00B48C44 /* Resources */ = {
			isa = PBXResourcesBuildPhase;
			buildActionMask = 2147483647;
			files = (
				47CAEA792CEE3D9D00B48C44 /* swiftgen.yml in Resources */,
				479AE0A32CF0ADFF00C4C9E0 /* Colors.xcassets in Resources */,
				479AE0A42CF0ADFF00C4C9E0 /* FontsFree-Net-SFProDisplay-Semibold.ttf in Resources */,
				479AE0A52CF0ADFF00C4C9E0 /* SFPRODISPLAYBLACKITALIC.OTF in Resources */,
				479AE0A62CF0ADFF00C4C9E0 /* SFPRODISPLAYBOLD.OTF in Resources */,
				479AE0A72CF0ADFF00C4C9E0 /* SFPRODISPLAYHEAVYITALIC.OTF in Resources */,
				479AE0A82CF0ADFF00C4C9E0 /* SFPRODISPLAYLIGHTITALIC.OTF in Resources */,
				479AE0A92CF0ADFF00C4C9E0 /* SFPRODISPLAYMEDIUM.OTF in Resources */,
				479AE0AA2CF0ADFF00C4C9E0 /* SFPRODISPLAYREGULAR.OTF in Resources */,
				479AE0AB2CF0ADFF00C4C9E0 /* SFPRODISPLAYSEMIBOLDITALIC.OTF in Resources */,
				479AE0AC2CF0ADFF00C4C9E0 /* SFPRODISPLAYTHINITALIC.OTF in Resources */,
				479AE0AD2CF0ADFF00C4C9E0 /* SFPRODISPLAYULTRALIGHTITALIC.OTF in Resources */,
				479AE0AE2CF0ADFF00C4C9E0 /* Images.xcassets in Resources */,
				479AE0AF2CF0ADFF00C4C9E0 /* Assets.xcassets in Resources */,
				479AE0B12CF0ADFF00C4C9E0 /* LaunchScreen.storyboard in Resources */,
			);
			runOnlyForDeploymentPostprocessing = 0;
		};
/* End PBXResourcesBuildPhase section */

/* Begin PBXShellScriptBuildPhase section */
		47CAEA7A2CEE3DB400B48C44 /* SwiftGen */ = {
			isa = PBXShellScriptBuildPhase;
			alwaysOutOfDate = 1;
			buildActionMask = 2147483647;
			files = (
			);
			inputFileListPaths = (
			);
			inputPaths = (
			);
			name = SwiftGen;
			outputFileListPaths = (
			);
			outputPaths = (
			);
			runOnlyForDeploymentPostprocessing = 0;
			shellPath = /bin/sh;
			shellScript = "if which swiftgen >/dev/null; then\n  swiftgen config run --config ${PROJECT_DIR}/swiftgen.yml\nelse\n  echo \"warning: SwiftGen not installed, download it from https://github.com/SwiftGen/SwiftGen\"\nfi\n";
		};
/* End PBXShellScriptBuildPhase section */

/* Begin PBXSourcesBuildPhase section */
		47CAE8BA2CEE3D2C00B48C44 /* Sources */ = {
			isa = PBXSourcesBuildPhase;
			buildActionMask = 2147483647;
			files = (
				479AE0632CF0ADFF00C4C9E0 /* AppDelegate.swift in Sources */,
				479AE0642CF0ADFF00C4C9E0 /* RootViewController.swift in Sources */,
				479AE0652CF0ADFF00C4C9E0 /* SceneDelegate.swift in Sources */,
				479AE0662CF0ADFF00C4C9E0 /* Date+Additions.swift in Sources */,
				479AE0672CF0ADFF00C4C9E0 /* Double+Additions.swift in Sources */,
				479AE0682CF0ADFF00C4C9E0 /* String+Additions.swift in Sources */,
				479AE0692CF0ADFF00C4C9E0 /* UINavigationController+Additions.swift in Sources */,
				479AE06A2CF0ADFF00C4C9E0 /* View+Additions.swift in Sources */,
				479AE06B2CF0ADFF00C4C9E0 /* ImagePicker.swift in Sources */,
				479AE06C2CF0ADFF00C4C9E0 /* ShareSheet.swift in Sources */,
				479AE06D2CF0ADFF00C4C9E0 /* BackButtonView.swift in Sources */,
				479AE06E2CF0ADFF00C4C9E0 /* CircularProgressBar.swift in Sources */,
				479AE06F2CF0ADFF00C4C9E0 /* DynamicHeightTextField.swift in Sources */,
				479AE0702CF0ADFF00C4C9E0 /* InputField.swift in Sources */,
				479AE0712CF0ADFF00C4C9E0 /* NextButton.swift in Sources */,
				479AE0722CF0ADFF00C4C9E0 /* SwiftUIViewWebView.swift in Sources */,
				479AE0732CF0ADFF00C4C9E0 /* OfficeModel.swift in Sources */,
				479AE0742CF0ADFF00C4C9E0 /* PersoneModel.swift in Sources */,
				479AE0752CF0ADFF00C4C9E0 /* Colors.generated.swift in Sources */,
				479AE0762CF0ADFF00C4C9E0 /* Fonts.generated.swift in Sources */,
				479AE0772CF0ADFF00C4C9E0 /* Images.generated.swift in Sources */,
				479AE0782CF0ADFF00C4C9E0 /* DefaultsService.swift in Sources */,
				479AE0792CF0ADFF00C4C9E0 /* FileManagerService.swift in Sources */,
				479AE07A2CF0ADFF00C4C9E0 /* ImageStorageManager.swift in Sources */,
				479AE07B2CF0ADFF00C4C9E0 /* NotificationManager.swift in Sources */,
				479AE07C2CF0ADFF00C4C9E0 /* ChallangeCell.swift in Sources */,
				479AE07D2CF0ADFF00C4C9E0 /* ChallengesTabView.swift in Sources */,
				479AE07E2CF0ADFF00C4C9E0 /* ChallengesView.swift in Sources */,
				479AE07F2CF0ADFF00C4C9E0 /* ChallengesViewModel.swift in Sources */,
				479AE0802CF0ADFF00C4C9E0 /* ChallengesStartView.swift in Sources */,
				479AE0812CF0ADFF00C4C9E0 /* ChallengesStartViewModel.swift in Sources */,
				479AE0822CF0ADFF00C4C9E0 /* AddOfficeView.swift in Sources */,
				479AE0832CF0ADFF00C4C9E0 /* AddOfficeViewMode.swift in Sources */,
				479AE0842CF0ADFF00C4C9E0 /* HomeButton.swift in Sources */,
				479AE0852CF0ADFF00C4C9E0 /* OfficeCell.swift in Sources */,
				479AE0862CF0ADFF00C4C9E0 /* HomeView.swift in Sources */,
				479AE0872CF0ADFF00C4C9E0 /* HomeViewModel.swift in Sources */,
				479AE0882CF0ADFF00C4C9E0 /* OfficeAddEmployeeView.swift in Sources */,
				479AE0892CF0ADFF00C4C9E0 /* OfficeDefaultView.swift in Sources */,
				479AE08A2CF0ADFF00C4C9E0 /* OfficeDetailsView.swift in Sources */,
				479AE08B2CF0ADFF00C4C9E0 /* OfficeDetailsViewModel.swift in Sources */,
				479AE08C2CF0ADFF00C4C9E0 /* OfficesView.swift in Sources */,
				479AE08D2CF0ADFF00C4C9E0 /* OfficesViewModel.swift in Sources */,
				479AE08E2CF0ADFF00C4C9E0 /* RemovedOfficesView.swift in Sources */,
				479AE08F2CF0ADFF00C4C9E0 /* RemovedOfficesViewModel.swift in Sources */,
				479AE0902CF0ADFF00C4C9E0 /* AddPersonView.swift in Sources */,
				479AE0912CF0ADFF00C4C9E0 /* AddPersonViewModel.swift in Sources */,
				479AE0922CF0ADFF00C4C9E0 /* PersonCell.swift in Sources */,
				479AE0932CF0ADFF00C4C9E0 /* StaffListView.swift in Sources */,
				479AE0942CF0ADFF00C4C9E0 /* StaffListViewModel.swift in Sources */,
				479AE0952CF0ADFF00C4C9E0 /* OfficeStatisticsCell.swift in Sources */,
				479AE0962CF0ADFF00C4C9E0 /* StatisticsView.swift in Sources */,
				479AE0972CF0ADFF00C4C9E0 /* StatisticsViewModel.swift in Sources */,
				479AE0982CF0ADFF00C4C9E0 /* TabBar.swift in Sources */,
				479AE0992CF0ADFF00C4C9E0 /* TabBarCustomView.swift in Sources */,
				479AE09A2CF0ADFF00C4C9E0 /* TabBarViewModel.swift in Sources */,
				479AE09B2CF0ADFF00C4C9E0 /* OnboardingView.swift in Sources */,
				479AE09C2CF0ADFF00C4C9E0 /* OnboardingViewModel.swift in Sources */,
				479AE09D2CF0ADFF00C4C9E0 /* OnboardingViewTabView.swift in Sources */,
				479AE09E2CF0ADFF00C4C9E0 /* PreloaderView.swift in Sources */,
				479AE09F2CF0ADFF00C4C9E0 /* PrivacyPolicyView.swift in Sources */,
				479AE0A02CF0ADFF00C4C9E0 /* PrivacyPolicyViewModel.swift in Sources */,
				479AE0A12CF0ADFF00C4C9E0 /* RootContentView.swift in Sources */,
				479AE0A22CF0ADFF00C4C9E0 /* RootContentViewModel.swift in Sources */,
			);
			runOnlyForDeploymentPostprocessing = 0;
		};
/* End PBXSourcesBuildPhase section */

/* Begin PBXVariantGroup section */
		479AE0612CF0ADFF00C4C9E0 /* LaunchScreen.storyboard */ = {
			isa = PBXVariantGroup;
			children = (
				479AE0602CF0ADFF00C4C9E0 /* Base */,
			);
			name = LaunchScreen.storyboard;
			sourceTree = "<group>";
		};
/* End PBXVariantGroup section */

/* Begin XCBuildConfiguration section */
		47CAE8D22CEE3D2D00B48C44 /* Debug */ = {
			isa = XCBuildConfiguration;
			buildSettings = {
				ASSETCATALOG_COMPILER_APPICON_NAME = AppIcon;
				ASSETCATALOG_COMPILER_GLOBAL_ACCENT_COLOR_NAME = AccentColor;
				CODE_SIGN_STYLE = Automatic;
				CURRENT_PROJECT_VERSION = 1;
				DEVELOPMENT_TEAM = QTR5336WJC;
				GENERATE_INFOPLIST_FILE = YES;
				INFOPLIST_FILE = Brouipetbrain/Info.plist;
				INFOPLIST_KEY_UIApplicationSupportsIndirectInputEvents = YES;
				INFOPLIST_KEY_UILaunchStoryboardName = LaunchScreen;
				INFOPLIST_KEY_UISupportedInterfaceOrientations = UIInterfaceOrientationPortrait;
				INFOPLIST_KEY_UISupportedInterfaceOrientations_iPad = "UIInterfaceOrientationLandscapeLeft UIInterfaceOrientationLandscapeRight UIInterfaceOrientationPortrait UIInterfaceOrientationPortraitUpsideDown";
				IPHONEOS_DEPLOYMENT_TARGET = 16.0;
				LD_RUNPATH_SEARCH_PATHS = (
					"$(inherited)",
					"@executable_path/Frameworks",
				);
				MARKETING_VERSION = 1.0;
				PRODUCT_BUNDLE_IDENTIFIER = com.application.Brouipetbrain;
				PRODUCT_NAME = "$(TARGET_NAME)";
				SUPPORTED_PLATFORMS = "iphoneos iphonesimulator";
				SUPPORTS_MACCATALYST = NO;
				SUPPORTS_MAC_DESIGNED_FOR_IPHONE_IPAD = NO;
				SUPPORTS_XR_DESIGNED_FOR_IPHONE_IPAD = NO;
				SWIFT_EMIT_LOC_STRINGS = YES;
				SWIFT_VERSION = 5.0;
				TARGETED_DEVICE_FAMILY = 1;
			};
			name = Debug;
		};
		47CAE8D32CEE3D2D00B48C44 /* Release */ = {
			isa = XCBuildConfiguration;
			buildSettings = {
				ASSETCATALOG_COMPILER_APPICON_NAME = AppIcon;
				ASSETCATALOG_COMPILER_GLOBAL_ACCENT_COLOR_NAME = AccentColor;
				CODE_SIGN_STYLE = Automatic;
				CURRENT_PROJECT_VERSION = 1;
				DEVELOPMENT_TEAM = QTR5336WJC;
				GENERATE_INFOPLIST_FILE = YES;
				INFOPLIST_FILE = Brouipetbrain/Info.plist;
				INFOPLIST_KEY_UIApplicationSupportsIndirectInputEvents = YES;
				INFOPLIST_KEY_UILaunchStoryboardName = LaunchScreen;
				INFOPLIST_KEY_UISupportedInterfaceOrientations = UIInterfaceOrientationPortrait;
				INFOPLIST_KEY_UISupportedInterfaceOrientations_iPad = "UIInterfaceOrientationLandscapeLeft UIInterfaceOrientationLandscapeRight UIInterfaceOrientationPortrait UIInterfaceOrientationPortraitUpsideDown";
				IPHONEOS_DEPLOYMENT_TARGET = 16.0;
				LD_RUNPATH_SEARCH_PATHS = (
					"$(inherited)",
					"@executable_path/Frameworks",
				);
				MARKETING_VERSION = 1.0;
				PRODUCT_BUNDLE_IDENTIFIER = com.application.Brouipetbrain;
				PRODUCT_NAME = "$(TARGET_NAME)";
				SUPPORTED_PLATFORMS = "iphoneos iphonesimulator";
				SUPPORTS_MACCATALYST = NO;
				SUPPORTS_MAC_DESIGNED_FOR_IPHONE_IPAD = NO;
				SUPPORTS_XR_DESIGNED_FOR_IPHONE_IPAD = NO;
				SWIFT_EMIT_LOC_STRINGS = YES;
				SWIFT_VERSION = 5.0;
				TARGETED_DEVICE_FAMILY = 1;
			};
			name = Release;
		};
		47CAE8D42CEE3D2D00B48C44 /* Debug */ = {
			isa = XCBuildConfiguration;
			buildSettings = {
				ALWAYS_SEARCH_USER_PATHS = NO;
				ASSETCATALOG_COMPILER_GENERATE_SWIFT_ASSET_SYMBOL_EXTENSIONS = YES;
				CLANG_ANALYZER_NONNULL = YES;
				CLANG_ANALYZER_NUMBER_OBJECT_CONVERSION = YES_AGGRESSIVE;
				CLANG_CXX_LANGUAGE_STANDARD = "gnu++20";
				CLANG_ENABLE_MODULES = YES;
				CLANG_ENABLE_OBJC_ARC = YES;
				CLANG_ENABLE_OBJC_WEAK = YES;
				CLANG_WARN_BLOCK_CAPTURE_AUTORELEASING = YES;
				CLANG_WARN_BOOL_CONVERSION = YES;
				CLANG_WARN_COMMA = YES;
				CLANG_WARN_CONSTANT_CONVERSION = YES;
				CLANG_WARN_DEPRECATED_OBJC_IMPLEMENTATIONS = YES;
				CLANG_WARN_DIRECT_OBJC_ISA_USAGE = YES_ERROR;
				CLANG_WARN_DOCUMENTATION_COMMENTS = YES;
				CLANG_WARN_EMPTY_BODY = YES;
				CLANG_WARN_ENUM_CONVERSION = YES;
				CLANG_WARN_INFINITE_RECURSION = YES;
				CLANG_WARN_INT_CONVERSION = YES;
				CLANG_WARN_NON_LITERAL_NULL_CONVERSION = YES;
				CLANG_WARN_OBJC_IMPLICIT_RETAIN_SELF = YES;
				CLANG_WARN_OBJC_LITERAL_CONVERSION = YES;
				CLANG_WARN_OBJC_ROOT_CLASS = YES_ERROR;
				CLANG_WARN_QUOTED_INCLUDE_IN_FRAMEWORK_HEADER = YES;
				CLANG_WARN_RANGE_LOOP_ANALYSIS = YES;
				CLANG_WARN_STRICT_PROTOTYPES = YES;
				CLANG_WARN_SUSPICIOUS_MOVE = YES;
				CLANG_WARN_UNGUARDED_AVAILABILITY = YES_AGGRESSIVE;
				CLANG_WARN_UNREACHABLE_CODE = YES;
				CLANG_WARN__DUPLICATE_METHOD_MATCH = YES;
				COPY_PHASE_STRIP = NO;
				DEBUG_INFORMATION_FORMAT = dwarf;
				ENABLE_STRICT_OBJC_MSGSEND = YES;
				ENABLE_TESTABILITY = YES;
				ENABLE_USER_SCRIPT_SANDBOXING = NO;
				GCC_C_LANGUAGE_STANDARD = gnu17;
				GCC_DYNAMIC_NO_PIC = NO;
				GCC_NO_COMMON_BLOCKS = YES;
				GCC_OPTIMIZATION_LEVEL = 0;
				GCC_PREPROCESSOR_DEFINITIONS = (
					"DEBUG=1",
					"$(inherited)",
				);
				GCC_WARN_64_TO_32_BIT_CONVERSION = YES;
				GCC_WARN_ABOUT_RETURN_TYPE = YES_ERROR;
				GCC_WARN_UNDECLARED_SELECTOR = YES;
				GCC_WARN_UNINITIALIZED_AUTOS = YES_AGGRESSIVE;
				GCC_WARN_UNUSED_FUNCTION = YES;
				GCC_WARN_UNUSED_VARIABLE = YES;
				IPHONEOS_DEPLOYMENT_TARGET = 18.1;
				LOCALIZATION_PREFERS_STRING_CATALOGS = YES;
				MTL_ENABLE_DEBUG_INFO = INCLUDE_SOURCE;
				MTL_FAST_MATH = YES;
				ONLY_ACTIVE_ARCH = YES;
				SDKROOT = iphoneos;
				SWIFT_ACTIVE_COMPILATION_CONDITIONS = "DEBUG $(inherited)";
				SWIFT_OPTIMIZATION_LEVEL = "-Onone";
			};
			name = Debug;
		};
		47CAE8D52CEE3D2D00B48C44 /* Release */ = {
			isa = XCBuildConfiguration;
			buildSettings = {
				ALWAYS_SEARCH_USER_PATHS = NO;
				ASSETCATALOG_COMPILER_GENERATE_SWIFT_ASSET_SYMBOL_EXTENSIONS = YES;
				CLANG_ANALYZER_NONNULL = YES;
				CLANG_ANALYZER_NUMBER_OBJECT_CONVERSION = YES_AGGRESSIVE;
				CLANG_CXX_LANGUAGE_STANDARD = "gnu++20";
				CLANG_ENABLE_MODULES = YES;
				CLANG_ENABLE_OBJC_ARC = YES;
				CLANG_ENABLE_OBJC_WEAK = YES;
				CLANG_WARN_BLOCK_CAPTURE_AUTORELEASING = YES;
				CLANG_WARN_BOOL_CONVERSION = YES;
				CLANG_WARN_COMMA = YES;
				CLANG_WARN_CONSTANT_CONVERSION = YES;
				CLANG_WARN_DEPRECATED_OBJC_IMPLEMENTATIONS = YES;
				CLANG_WARN_DIRECT_OBJC_ISA_USAGE = YES_ERROR;
				CLANG_WARN_DOCUMENTATION_COMMENTS = YES;
				CLANG_WARN_EMPTY_BODY = YES;
				CLANG_WARN_ENUM_CONVERSION = YES;
				CLANG_WARN_INFINITE_RECURSION = YES;
				CLANG_WARN_INT_CONVERSION = YES;
				CLANG_WARN_NON_LITERAL_NULL_CONVERSION = YES;
				CLANG_WARN_OBJC_IMPLICIT_RETAIN_SELF = YES;
				CLANG_WARN_OBJC_LITERAL_CONVERSION = YES;
				CLANG_WARN_OBJC_ROOT_CLASS = YES_ERROR;
				CLANG_WARN_QUOTED_INCLUDE_IN_FRAMEWORK_HEADER = YES;
				CLANG_WARN_RANGE_LOOP_ANALYSIS = YES;
				CLANG_WARN_STRICT_PROTOTYPES = YES;
				CLANG_WARN_SUSPICIOUS_MOVE = YES;
				CLANG_WARN_UNGUARDED_AVAILABILITY = YES_AGGRESSIVE;
				CLANG_WARN_UNREACHABLE_CODE = YES;
				CLANG_WARN__DUPLICATE_METHOD_MATCH = YES;
				COPY_PHASE_STRIP = NO;
				DEBUG_INFORMATION_FORMAT = "dwarf-with-dsym";
				ENABLE_NS_ASSERTIONS = NO;
				ENABLE_STRICT_OBJC_MSGSEND = YES;
				ENABLE_USER_SCRIPT_SANDBOXING = NO;
				GCC_C_LANGUAGE_STANDARD = gnu17;
				GCC_NO_COMMON_BLOCKS = YES;
				GCC_WARN_64_TO_32_BIT_CONVERSION = YES;
				GCC_WARN_ABOUT_RETURN_TYPE = YES_ERROR;
				GCC_WARN_UNDECLARED_SELECTOR = YES;
				GCC_WARN_UNINITIALIZED_AUTOS = YES_AGGRESSIVE;
				GCC_WARN_UNUSED_FUNCTION = YES;
				GCC_WARN_UNUSED_VARIABLE = YES;
				IPHONEOS_DEPLOYMENT_TARGET = 18.1;
				LOCALIZATION_PREFERS_STRING_CATALOGS = YES;
				MTL_ENABLE_DEBUG_INFO = NO;
				MTL_FAST_MATH = YES;
				SDKROOT = iphoneos;
				SWIFT_COMPILATION_MODE = wholemodule;
				VALIDATE_PRODUCT = YES;
			};
			name = Release;
		};
/* End XCBuildConfiguration section */

/* Begin XCConfigurationList section */
		47CAE8B92CEE3D2C00B48C44 /* Build configuration list for PBXProject "Brouipetbrain" */ = {
			isa = XCConfigurationList;
			buildConfigurations = (
				47CAE8D42CEE3D2D00B48C44 /* Debug */,
				47CAE8D52CEE3D2D00B48C44 /* Release */,
			);
			defaultConfigurationIsVisible = 0;
			defaultConfigurationName = Release;
		};
		47CAE8D12CEE3D2D00B48C44 /* Build configuration list for PBXNativeTarget "Brouipetbrain" */ = {
			isa = XCConfigurationList;
			buildConfigurations = (
				47CAE8D22CEE3D2D00B48C44 /* Debug */,
				47CAE8D32CEE3D2D00B48C44 /* Release */,
			);
			defaultConfigurationIsVisible = 0;
			defaultConfigurationName = Release;
		};
/* End XCConfigurationList section */
	};
	rootObject = 47CAE8B62CEE3D2C00B48C44 /* Project object */;
}
